
Microsoft Visual Studio Solution File, Format Version 12.00
# Visual Studio 15
VisualStudioVersion = 15.0.27428.2037
MinimumVisualStudioVersion = 10.0.40219.1
Project("{FAE04EC0-301F-11D3-BF4B-00C04F79EFBC}") = "LibNoiseClient", "LibNoiseClient\LibNoiseClient.csproj", "{8D6A7C76-B6F8-489A-A939-F49CFC14A13B}"
EndProject
Project("{9A19103F-16F7-4668-BE54-9A1E7A4F7556}") = "LibNoise", "LibNoise\LibNoise.csproj", "{52A4B88F-A2D8-4942-B690-4D676A4A57DA}"
EndProject
Global
	GlobalSection(SolutionConfigurationPlatforms) = preSolution
		Debug|Any CPU = Debug|Any CPU
		Release|Any CPU = Release|Any CPU
	EndGlobalSection
	GlobalSection(ProjectConfigurationPlatforms) = postSolution
		{8D6A7C76-B6F8-489A-A939-F49CFC14A13B}.Debug|Any CPU.ActiveCfg = Debug|Any CPU
		{8D6A7C76-B6F8-489A-A939-F49CFC14A13B}.Debug|Any CPU.Build.0 = Debug|Any CPU
		{8D6A7C76-B6F8-489A-A939-F49CFC14A13B}.Release|Any CPU.ActiveCfg = Release|Any CPU
		{8D6A7C76-B6F8-489A-A939-F49CFC14A13B}.Release|Any CPU.Build.0 = Release|Any CPU
		{52A4B88F-A2D8-4942-B690-4D676A4A57DA}.Debug|Any CPU.ActiveCfg = Debug|Any CPU
		{52A4B88F-A2D8-4942-B690-4D676A4A57DA}.Debug|Any CPU.Build.0 = Debug|Any CPU
		{52A4B88F-A2D8-4942-B690-4D676A4A57DA}.Release|Any CPU.ActiveCfg = Release|Any CPU
		{52A4B88F-A2D8-4942-B690-4D676A4A57DA}.Release|Any CPU.Build.0 = Release|Any CPU
	EndGlobalSection
	GlobalSection(SolutionProperties) = preSolution
		HideSolutionNode = FALSE
	EndGlobalSection
	GlobalSection(ExtensibilityGlobals) = postSolution
		SolutionGuid = {27B5678E-FD59-436E-96FF-0C7566D7D0D2}
	EndGlobalSection
EndGlobal
